
Microsoft Visual Studio Solution File, Format Version 12.00
# Visual Studio Version 17
VisualStudioVersion = 17.11.35005.142
MinimumVisualStudioVersion = 10.0.40219.1
Project("{FAE04EC0-301F-11D3-BF4B-00C04F79EFBC}") = "WinCadApp", "WinCadApp\WinCadApp.csproj", "{9C863105-DE25-4273-AB4C-CD574F88B727}"
EndProject
Global
	GlobalSection(SolutionConfigurationPlatforms) = preSolution
		Debug|Any CPU = Debug|Any CPU
		Release|Any CPU = Release|Any CPU
	EndGlobalSection
	GlobalSection(ProjectConfigurationPlatforms) = postSolution
		{9C863105-DE25-4273-AB4C-CD574F88B727}.Debug|Any CPU.ActiveCfg = Debug|Any CPU
		{9C863105-DE25-4273-AB4C-CD574F88B727}.Debug|Any CPU.Build.0 = Debug|Any CPU
		{9C863105-DE25-4273-AB4C-CD574F88B727}.Release|Any CPU.ActiveCfg = Release|Any CPU
		{9C863105-DE25-4273-AB4C-CD574F88B727}.Release|Any CPU.Build.0 = Release|Any CPU
	EndGlobalSection
	GlobalSection(SolutionProperties) = preSolution
		HideSolutionNode = FALSE
	EndGlobalSection
	GlobalSection(ExtensibilityGlobals) = postSolution
		SolutionGuid = {6D0CFF31-0D94-42D7-B77D-1590CF05836C}
	EndGlobalSection
EndGlobal
